
Microsoft Visual Studio Solution File, Format Version 12.00
# Visual Studio 15
VisualStudioVersion = 15.0.28307.168
MinimumVisualStudioVersion = 10.0.40219.1
Project("{FAE04EC0-301F-11D3-BF4B-00C04F79EFBC}") = "UseOfIf", "UseOfIf\UseOfIf.csproj", "{C7779B29-9F27-4A8F-AF60-39827B7C3249}"
EndProject
Global
	GlobalSection(SolutionConfigurationPlatforms) = preSolution
		Debug|Any CPU = Debug|Any CPU
		Release|Any CPU = Release|Any CPU
	EndGlobalSection
	GlobalSection(ProjectConfigurationPlatforms) = postSolution
		{C7779B29-9F27-4A8F-AF60-39827B7C3249}.Debug|Any CPU.ActiveCfg = Debug|Any CPU
		{C7779B29-9F27-4A8F-AF60-39827B7C3249}.Debug|Any CPU.Build.0 = Debug|Any CPU
		{C7779B29-9F27-4A8F-AF60-39827B7C3249}.Release|Any CPU.ActiveCfg = Release|Any CPU
		{C7779B29-9F27-4A8F-AF60-39827B7C3249}.Release|Any CPU.Build.0 = Release|Any CPU
	EndGlobalSection
	GlobalSection(SolutionProperties) = preSolution
		HideSolutionNode = FALSE
	EndGlobalSection
	GlobalSection(ExtensibilityGlobals) = postSolution
		SolutionGuid = {8C78F8BB-6018-4013-A71A-2142780D4AA8}
	EndGlobalSection
EndGlobal
